
Microsoft Visual Studio Solution File, Format Version 12.00
# Visual Studio 14
VisualStudioVersion = 14.0.24720.0
MinimumVisualStudioVersion = 10.0.40219.1
Project("{2150E333-8FDC-42A3-9474-1A3956D46DE8}") = "Solution Items", "Solution Items", "{23799D35-959D-48EF-9A0F-B8531F1967D2}"
	ProjectSection(SolutionItems) = preProject
		global.json = global.json
	EndProjectSection
EndProject
Project("{2150E333-8FDC-42A3-9474-1A3956D46DE8}") = "src", "src", "{26852EC4-3B04-4588-BEA6-6381E0FD7F41}"
EndProject
Project("{2150E333-8FDC-42A3-9474-1A3956D46DE8}") = "test", "test", "{8D9058B6-A0B1-42BC-BBE6-A5E8DAA26354}"
EndProject
Project("{8BB2217D-0F2D-49D1-97BC-3654ED321F3B}") = "Bots", "src\Bots\Bots.xproj", "{4021C9F6-C651-4A94-86EB-9CB82F17CCBA}"
EndProject
Project("{8BB2217D-0F2D-49D1-97BC-3654ED321F3B}") = "Bots.Tests", "test\Bots.Tests\Bots.Tests.xproj", "{E3A7C3EB-2456-40DA-BB36-5B2B09C97F31}"
EndProject
Project("{8BB2217D-0F2D-49D1-97BC-3654ED321F3B}") = "Bots.Quiz", "src\Bots.Quiz\Bots.Quiz.xproj", "{17D76502-F2CD-434E-A933-7AC460335C05}"
EndProject
Project("{8BB2217D-0F2D-49D1-97BC-3654ED321F3B}") = "Bots.Quiz.Tests", "test\Bots.Quiz.Tests\Bots.Quiz.Tests.xproj", "{75498876-899A-497D-8E09-A9DAA4ED5882}"
EndProject

Global
	GlobalSection(SolutionConfigurationPlatforms) = preSolution
		Debug|Any CPU = Debug|Any CPU
		Release|Any CPU = Release|Any CPU
	EndGlobalSection
	GlobalSection(ProjectConfigurationPlatforms) = postSolution
		{17D76502-F2CD-434E-A933-7AC460335C05}.Debug|Any CPU.ActiveCfg = Debug|Any CPU
		{17D76502-F2CD-434E-A933-7AC460335C05}.Debug|Any CPU.Build.0 = Debug|Any CPU
		{17D76502-F2CD-434E-A933-7AC460335C05}.Release|Any CPU.ActiveCfg = Release|Any CPU
		{17D76502-F2CD-434E-A933-7AC460335C05}.Release|Any CPU.Build.0 = Release|Any CPU
		{75498876-899A-497D-8E09-A9DAA4ED5882}.Debug|Any CPU.ActiveCfg = Debug|Any CPU
		{75498876-899A-497D-8E09-A9DAA4ED5882}.Debug|Any CPU.Build.0 = Debug|Any CPU
		{75498876-899A-497D-8E09-A9DAA4ED5882}.Release|Any CPU.ActiveCfg = Release|Any CPU
		{75498876-899A-497D-8E09-A9DAA4ED5882}.Release|Any CPU.Build.0 = Release|Any CPU
		{4021C9F6-C651-4A94-86EB-9CB82F17CCBA}.Debug|Any CPU.ActiveCfg = Debug|Any CPU
		{4021C9F6-C651-4A94-86EB-9CB82F17CCBA}.Debug|Any CPU.Build.0 = Debug|Any CPU
		{4021C9F6-C651-4A94-86EB-9CB82F17CCBA}.Release|Any CPU.ActiveCfg = Release|Any CPU
		{4021C9F6-C651-4A94-86EB-9CB82F17CCBA}.Release|Any CPU.Build.0 = Release|Any CPU
		{E3A7C3EB-2456-40DA-BB36-5B2B09C97F31}.Debug|Any CPU.ActiveCfg = Debug|Any CPU
		{E3A7C3EB-2456-40DA-BB36-5B2B09C97F31}.Debug|Any CPU.Build.0 = Debug|Any CPU
		{E3A7C3EB-2456-40DA-BB36-5B2B09C97F31}.Release|Any CPU.ActiveCfg = Release|Any CPU
		{E3A7C3EB-2456-40DA-BB36-5B2B09C97F31}.Release|Any CPU.Build.0 = Release|Any CPU
	EndGlobalSection
	GlobalSection(SolutionProperties) = preSolution
		HideSolutionNode = FALSE
	EndGlobalSection
	GlobalSection(NestedProjects) = preSolution
		{4021C9F6-C651-4A94-86EB-9CB82F17CCBA} = {26852EC4-3B04-4588-BEA6-6381E0FD7F41}
		{E3A7C3EB-2456-40DA-BB36-5B2B09C97F31} = {8D9058B6-A0B1-42BC-BBE6-A5E8DAA26354}
		{17D76502-F2CD-434E-A933-7AC460335C05} = {26852EC4-3B04-4588-BEA6-6381E0FD7F41}
		{75498876-899A-497D-8E09-A9DAA4ED5882} = {8D9058B6-A0B1-42BC-BBE6-A5E8DAA26354}
	EndGlobalSection
EndGlobal
